
Microsoft Visual Studio Solution File, Format Version 12.00
# Visual Studio Version 16
VisualStudioVersion = 16.0.31402.337
MinimumVisualStudioVersion = 10.0.40219.1
Project("{9A19103F-16F7-4668-BE54-9A1E7A4F7556}") = "Exercise1", "Assignment_lesson2\Exercise1.csproj", "{0FA5CB96-3233-461C-82FF-8F6D512D7FB6}"
EndProject
Project("{9A19103F-16F7-4668-BE54-9A1E7A4F7556}") = "Exercise2", "Exercise2\Exercise2.csproj", "{CCEA3E86-76AB-4741-A8FA-39621CFA00C6}"
EndProject
Project("{9A19103F-16F7-4668-BE54-9A1E7A4F7556}") = "Exercise3", "Exercise3\Exercise3.csproj", "{4BF1FB3D-60CB-44F5-BE8E-73833CD5D7E5}"
EndProject
Project("{FAE04EC0-301F-11D3-BF4B-00C04F79EFBC}") = "Exercise4", "Exercise4\Exercise4.csproj", "{8569ED57-B012-44A0-A1A7-2DE34BC1F45F}"
EndProject
Project("{FAE04EC0-301F-11D3-BF4B-00C04F79EFBC}") = "Exercise5", "Exercise5\Exercise5.csproj", "{BAFAE606-10B0-41EA-BC15-21C137603C12}"
EndProject
Project("{FAE04EC0-301F-11D3-BF4B-00C04F79EFBC}") = "Exercise6", "Exercise6\Exercise6.csproj", "{7833EBA8-E233-48C4-871D-14D730F2B71A}"
EndProject
Project("{FAE04EC0-301F-11D3-BF4B-00C04F79EFBC}") = "Exercise7", "Exercise7\Exercise7.csproj", "{44B1AB07-89EB-46E5-8518-D4E5C2016E3C}"
EndProject
Global
	GlobalSection(SolutionConfigurationPlatforms) = preSolution
		Debug|Any CPU = Debug|Any CPU
		Release|Any CPU = Release|Any CPU
	EndGlobalSection
	GlobalSection(ProjectConfigurationPlatforms) = postSolution
		{0FA5CB96-3233-461C-82FF-8F6D512D7FB6}.Debug|Any CPU.ActiveCfg = Debug|Any CPU
		{0FA5CB96-3233-461C-82FF-8F6D512D7FB6}.Debug|Any CPU.Build.0 = Debug|Any CPU
		{0FA5CB96-3233-461C-82FF-8F6D512D7FB6}.Release|Any CPU.ActiveCfg = Release|Any CPU
		{0FA5CB96-3233-461C-82FF-8F6D512D7FB6}.Release|Any CPU.Build.0 = Release|Any CPU
		{CCEA3E86-76AB-4741-A8FA-39621CFA00C6}.Debug|Any CPU.ActiveCfg = Debug|Any CPU
		{CCEA3E86-76AB-4741-A8FA-39621CFA00C6}.Debug|Any CPU.Build.0 = Debug|Any CPU
		{CCEA3E86-76AB-4741-A8FA-39621CFA00C6}.Release|Any CPU.ActiveCfg = Release|Any CPU
		{CCEA3E86-76AB-4741-A8FA-39621CFA00C6}.Release|Any CPU.Build.0 = Release|Any CPU
		{4BF1FB3D-60CB-44F5-BE8E-73833CD5D7E5}.Debug|Any CPU.ActiveCfg = Debug|Any CPU
		{4BF1FB3D-60CB-44F5-BE8E-73833CD5D7E5}.Debug|Any CPU.Build.0 = Debug|Any CPU
		{4BF1FB3D-60CB-44F5-BE8E-73833CD5D7E5}.Release|Any CPU.ActiveCfg = Release|Any CPU
		{4BF1FB3D-60CB-44F5-BE8E-73833CD5D7E5}.Release|Any CPU.Build.0 = Release|Any CPU
		{8569ED57-B012-44A0-A1A7-2DE34BC1F45F}.Debug|Any CPU.ActiveCfg = Debug|Any CPU
		{8569ED57-B012-44A0-A1A7-2DE34BC1F45F}.Debug|Any CPU.Build.0 = Debug|Any CPU
		{8569ED57-B012-44A0-A1A7-2DE34BC1F45F}.Release|Any CPU.ActiveCfg = Release|Any CPU
		{8569ED57-B012-44A0-A1A7-2DE34BC1F45F}.Release|Any CPU.Build.0 = Release|Any CPU
		{BAFAE606-10B0-41EA-BC15-21C137603C12}.Debug|Any CPU.ActiveCfg = Debug|Any CPU
		{BAFAE606-10B0-41EA-BC15-21C137603C12}.Debug|Any CPU.Build.0 = Debug|Any CPU
		{BAFAE606-10B0-41EA-BC15-21C137603C12}.Release|Any CPU.ActiveCfg = Release|Any CPU
		{BAFAE606-10B0-41EA-BC15-21C137603C12}.Release|Any CPU.Build.0 = Release|Any CPU
		{7833EBA8-E233-48C4-871D-14D730F2B71A}.Debug|Any CPU.ActiveCfg = Debug|Any CPU
		{7833EBA8-E233-48C4-871D-14D730F2B71A}.Debug|Any CPU.Build.0 = Debug|Any CPU
		{7833EBA8-E233-48C4-871D-14D730F2B71A}.Release|Any CPU.ActiveCfg = Release|Any CPU
		{7833EBA8-E233-48C4-871D-14D730F2B71A}.Release|Any CPU.Build.0 = Release|Any CPU
		{44B1AB07-89EB-46E5-8518-D4E5C2016E3C}.Debug|Any CPU.ActiveCfg = Debug|Any CPU
		{44B1AB07-89EB-46E5-8518-D4E5C2016E3C}.Debug|Any CPU.Build.0 = Debug|Any CPU
		{44B1AB07-89EB-46E5-8518-D4E5C2016E3C}.Release|Any CPU.ActiveCfg = Release|Any CPU
		{44B1AB07-89EB-46E5-8518-D4E5C2016E3C}.Release|Any CPU.Build.0 = Release|Any CPU
	EndGlobalSection
	GlobalSection(SolutionProperties) = preSolution
		HideSolutionNode = FALSE
	EndGlobalSection
	GlobalSection(ExtensibilityGlobals) = postSolution
		SolutionGuid = {694F297B-C364-4F79-A45E-7E104542DC13}
	EndGlobalSection
EndGlobal
