
Microsoft Visual Studio Solution File, Format Version 12.00
# Visual Studio Version 16
VisualStudioVersion = 16.0.31402.337
MinimumVisualStudioVersion = 10.0.40219.1
Project("{FAE04EC0-301F-11D3-BF4B-00C04F79EFBC}") = "Exercise 1", "Assignment_lesson3\Exercise 1.csproj", "{BDF1BA5C-8B1C-40ED-A35D-93EE3E1BEC39}"
EndProject
Project("{FAE04EC0-301F-11D3-BF4B-00C04F79EFBC}") = "Exercise2", "Exercise2\Exercise2.csproj", "{F28883A5-BDFD-4539-8B20-36C2CDBC8BC0}"
EndProject
Global
	GlobalSection(SolutionConfigurationPlatforms) = preSolution
		Debug|Any CPU = Debug|Any CPU
		Release|Any CPU = Release|Any CPU
	EndGlobalSection
	GlobalSection(ProjectConfigurationPlatforms) = postSolution
		{BDF1BA5C-8B1C-40ED-A35D-93EE3E1BEC39}.Debug|Any CPU.ActiveCfg = Debug|Any CPU
		{BDF1BA5C-8B1C-40ED-A35D-93EE3E1BEC39}.Debug|Any CPU.Build.0 = Debug|Any CPU
		{BDF1BA5C-8B1C-40ED-A35D-93EE3E1BEC39}.Release|Any CPU.ActiveCfg = Release|Any CPU
		{BDF1BA5C-8B1C-40ED-A35D-93EE3E1BEC39}.Release|Any CPU.Build.0 = Release|Any CPU
		{F28883A5-BDFD-4539-8B20-36C2CDBC8BC0}.Debug|Any CPU.ActiveCfg = Debug|Any CPU
		{F28883A5-BDFD-4539-8B20-36C2CDBC8BC0}.Debug|Any CPU.Build.0 = Debug|Any CPU
		{F28883A5-BDFD-4539-8B20-36C2CDBC8BC0}.Release|Any CPU.ActiveCfg = Release|Any CPU
		{F28883A5-BDFD-4539-8B20-36C2CDBC8BC0}.Release|Any CPU.Build.0 = Release|Any CPU
	EndGlobalSection
	GlobalSection(SolutionProperties) = preSolution
		HideSolutionNode = FALSE
	EndGlobalSection
	GlobalSection(ExtensibilityGlobals) = postSolution
		SolutionGuid = {7C56967D-614B-4226-9504-2870A4B28158}
	EndGlobalSection
EndGlobal
