
Microsoft Visual Studio Solution File, Format Version 12.00
# Visual Studio Version 16
VisualStudioVersion = 16.0.31402.337
MinimumVisualStudioVersion = 10.0.40219.1
Project("{9A19103F-16F7-4668-BE54-9A1E7A4F7556}") = "Exercise1", "ConsoleApp1\Exercise1.csproj", "{16E843F7-79BC-4028-B849-BF529F19DE9F}"
EndProject
Project("{9A19103F-16F7-4668-BE54-9A1E7A4F7556}") = "Exercise2", "Exercise2\Exercise2.csproj", "{CD894187-C5C9-4AA9-A3B9-E8C806AF77D8}"
EndProject
Project("{9A19103F-16F7-4668-BE54-9A1E7A4F7556}") = "Exercise3", "Exercise3\Exercise3.csproj", "{B32D6CDC-ED03-4768-AA33-9D3ACAC7CFD4}"
EndProject
Project("{FAE04EC0-301F-11D3-BF4B-00C04F79EFBC}") = "Exercise4_ClassLibrary", "Exercise4\Exercise4_ClassLibrary.csproj", "{2BFAB279-8D31-41EC-88E4-2E86C415F075}"
EndProject
Project("{FAE04EC0-301F-11D3-BF4B-00C04F79EFBC}") = "Exercise4_Project", "Exercise4_Project\Exercise4_Project.csproj", "{CC488125-2918-4E49-9016-271D1D08A0E3}"
EndProject
Global
	GlobalSection(SolutionConfigurationPlatforms) = preSolution
		Debug|Any CPU = Debug|Any CPU
		Release|Any CPU = Release|Any CPU
	EndGlobalSection
	GlobalSection(ProjectConfigurationPlatforms) = postSolution
		{16E843F7-79BC-4028-B849-BF529F19DE9F}.Debug|Any CPU.ActiveCfg = Debug|Any CPU
		{16E843F7-79BC-4028-B849-BF529F19DE9F}.Debug|Any CPU.Build.0 = Debug|Any CPU
		{16E843F7-79BC-4028-B849-BF529F19DE9F}.Release|Any CPU.ActiveCfg = Release|Any CPU
		{16E843F7-79BC-4028-B849-BF529F19DE9F}.Release|Any CPU.Build.0 = Release|Any CPU
		{CD894187-C5C9-4AA9-A3B9-E8C806AF77D8}.Debug|Any CPU.ActiveCfg = Debug|Any CPU
		{CD894187-C5C9-4AA9-A3B9-E8C806AF77D8}.Debug|Any CPU.Build.0 = Debug|Any CPU
		{CD894187-C5C9-4AA9-A3B9-E8C806AF77D8}.Release|Any CPU.ActiveCfg = Release|Any CPU
		{CD894187-C5C9-4AA9-A3B9-E8C806AF77D8}.Release|Any CPU.Build.0 = Release|Any CPU
		{B32D6CDC-ED03-4768-AA33-9D3ACAC7CFD4}.Debug|Any CPU.ActiveCfg = Debug|Any CPU
		{B32D6CDC-ED03-4768-AA33-9D3ACAC7CFD4}.Debug|Any CPU.Build.0 = Debug|Any CPU
		{B32D6CDC-ED03-4768-AA33-9D3ACAC7CFD4}.Release|Any CPU.ActiveCfg = Release|Any CPU
		{B32D6CDC-ED03-4768-AA33-9D3ACAC7CFD4}.Release|Any CPU.Build.0 = Release|Any CPU
		{2BFAB279-8D31-41EC-88E4-2E86C415F075}.Debug|Any CPU.ActiveCfg = Debug|Any CPU
		{2BFAB279-8D31-41EC-88E4-2E86C415F075}.Debug|Any CPU.Build.0 = Debug|Any CPU
		{2BFAB279-8D31-41EC-88E4-2E86C415F075}.Release|Any CPU.ActiveCfg = Release|Any CPU
		{2BFAB279-8D31-41EC-88E4-2E86C415F075}.Release|Any CPU.Build.0 = Release|Any CPU
		{CC488125-2918-4E49-9016-271D1D08A0E3}.Debug|Any CPU.ActiveCfg = Debug|Any CPU
		{CC488125-2918-4E49-9016-271D1D08A0E3}.Debug|Any CPU.Build.0 = Debug|Any CPU
		{CC488125-2918-4E49-9016-271D1D08A0E3}.Release|Any CPU.ActiveCfg = Release|Any CPU
		{CC488125-2918-4E49-9016-271D1D08A0E3}.Release|Any CPU.Build.0 = Release|Any CPU
	EndGlobalSection
	GlobalSection(SolutionProperties) = preSolution
		HideSolutionNode = FALSE
	EndGlobalSection
	GlobalSection(ExtensibilityGlobals) = postSolution
		SolutionGuid = {A46F295C-2264-4508-87AA-598F44B07B6E}
	EndGlobalSection
EndGlobal
