
Microsoft Visual Studio Solution File, Format Version 12.00
# Visual Studio Version 16
VisualStudioVersion = 16.0.31402.337
MinimumVisualStudioVersion = 10.0.40219.1
Project("{FAE04EC0-301F-11D3-BF4B-00C04F79EFBC}") = "AssignmentLesson7", "AssignmentLesson7\AssignmentLesson7.csproj", "{5AA70A5C-1499-4F8D-9A89-83B58BA71E7E}"
EndProject
Global
	GlobalSection(SolutionConfigurationPlatforms) = preSolution
		Debug|Any CPU = Debug|Any CPU
		Release|Any CPU = Release|Any CPU
	EndGlobalSection
	GlobalSection(ProjectConfigurationPlatforms) = postSolution
		{5AA70A5C-1499-4F8D-9A89-83B58BA71E7E}.Debug|Any CPU.ActiveCfg = Debug|Any CPU
		{5AA70A5C-1499-4F8D-9A89-83B58BA71E7E}.Debug|Any CPU.Build.0 = Debug|Any CPU
		{5AA70A5C-1499-4F8D-9A89-83B58BA71E7E}.Release|Any CPU.ActiveCfg = Release|Any CPU
		{5AA70A5C-1499-4F8D-9A89-83B58BA71E7E}.Release|Any CPU.Build.0 = Release|Any CPU
	EndGlobalSection
	GlobalSection(SolutionProperties) = preSolution
		HideSolutionNode = FALSE
	EndGlobalSection
	GlobalSection(ExtensibilityGlobals) = postSolution
		SolutionGuid = {09F41270-E88C-4B3E-B873-454880C7D3F6}
	EndGlobalSection
EndGlobal
